
Microsoft Visual Studio Solution File, Format Version 12.00
# Visual Studio 14
VisualStudioVersion = 14.0.25420.1
MinimumVisualStudioVersion = 10.0.40219.1
Project("{FAE04EC0-301F-11D3-BF4B-00C04F79EFBC}") = "App5", "App5\App5\App5.csproj", "{8D65DFF8-F97C-48F4-A71C-3580FF3B1CC1}"
EndProject
Project("{FAE04EC0-301F-11D3-BF4B-00C04F79EFBC}") = "App5.Droid", "App5\App5.Droid\App5.Droid.csproj", "{4208E2F7-6169-4506-BEE4-2DD2E8E29A27}"
EndProject
Project("{FAE04EC0-301F-11D3-BF4B-00C04F79EFBC}") = "App5.iOS", "App5\App5.iOS\App5.iOS.csproj", "{581EDE21-E76D-4874-9D50-D1E224377587}"
EndProject
Project("{FAE04EC0-301F-11D3-BF4B-00C04F79EFBC}") = "App5.WinPhone", "App5\App5.WinPhone\App5.WinPhone.csproj", "{CD4573C8-FE1F-45E5-A071-C80C4893077A}"
EndProject
Project("{FAE04EC0-301F-11D3-BF4B-00C04F79EFBC}") = "App5.UWP", "App5\App5.UWP\App5.UWP.csproj", "{D6630E60-28E6-413D-AEBD-4411F9DFDECC}"
EndProject
Project("{FAE04EC0-301F-11D3-BF4B-00C04F79EFBC}") = "App5.Windows", "App5\App5.Windows\App5.Windows.csproj", "{195DA1AB-5A6A-4F7C-AC4D-5620982B7A94}"
EndProject
Global
	GlobalSection(SolutionConfigurationPlatforms) = preSolution
		Ad-Hoc|Any CPU = Ad-Hoc|Any CPU
		Ad-Hoc|ARM = Ad-Hoc|ARM
		Ad-Hoc|iPhone = Ad-Hoc|iPhone
		Ad-Hoc|iPhoneSimulator = Ad-Hoc|iPhoneSimulator
		Ad-Hoc|x64 = Ad-Hoc|x64
		Ad-Hoc|x86 = Ad-Hoc|x86
		AppStore|Any CPU = AppStore|Any CPU
		AppStore|ARM = AppStore|ARM
		AppStore|iPhone = AppStore|iPhone
		AppStore|iPhoneSimulator = AppStore|iPhoneSimulator
		AppStore|x64 = AppStore|x64
		AppStore|x86 = AppStore|x86
		Debug|Any CPU = Debug|Any CPU
		Debug|ARM = Debug|ARM
		Debug|iPhone = Debug|iPhone
		Debug|iPhoneSimulator = Debug|iPhoneSimulator
		Debug|x64 = Debug|x64
		Debug|x86 = Debug|x86
		Release|Any CPU = Release|Any CPU
		Release|ARM = Release|ARM
		Release|iPhone = Release|iPhone
		Release|iPhoneSimulator = Release|iPhoneSimulator
		Release|x64 = Release|x64
		Release|x86 = Release|x86
	EndGlobalSection
	GlobalSection(ProjectConfigurationPlatforms) = postSolution
		{8D65DFF8-F97C-48F4-A71C-3580FF3B1CC1}.Ad-Hoc|Any CPU.ActiveCfg = Release|Any CPU
		{8D65DFF8-F97C-48F4-A71C-3580FF3B1CC1}.Ad-Hoc|Any CPU.Build.0 = Release|Any CPU
		{8D65DFF8-F97C-48F4-A71C-3580FF3B1CC1}.Ad-Hoc|ARM.ActiveCfg = Release|Any CPU
		{8D65DFF8-F97C-48F4-A71C-3580FF3B1CC1}.Ad-Hoc|ARM.Build.0 = Release|Any CPU
		{8D65DFF8-F97C-48F4-A71C-3580FF3B1CC1}.Ad-Hoc|iPhone.ActiveCfg = Release|Any CPU
		{8D65DFF8-F97C-48F4-A71C-3580FF3B1CC1}.Ad-Hoc|iPhone.Build.0 = Release|Any CPU
		{8D65DFF8-F97C-48F4-A71C-3580FF3B1CC1}.Ad-Hoc|iPhoneSimulator.ActiveCfg = Release|Any CPU
		{8D65DFF8-F97C-48F4-A71C-3580FF3B1CC1}.Ad-Hoc|iPhoneSimulator.Build.0 = Release|Any CPU
		{8D65DFF8-F97C-48F4-A71C-3580FF3B1CC1}.Ad-Hoc|x64.ActiveCfg = Release|Any CPU
		{8D65DFF8-F97C-48F4-A71C-3580FF3B1CC1}.Ad-Hoc|x64.Build.0 = Release|Any CPU
		{8D65DFF8-F97C-48F4-A71C-3580FF3B1CC1}.Ad-Hoc|x86.ActiveCfg = Release|Any CPU
		{8D65DFF8-F97C-48F4-A71C-3580FF3B1CC1}.Ad-Hoc|x86.Build.0 = Release|Any CPU
		{8D65DFF8-F97C-48F4-A71C-3580FF3B1CC1}.AppStore|Any CPU.ActiveCfg = Release|Any CPU
		{8D65DFF8-F97C-48F4-A71C-3580FF3B1CC1}.AppStore|Any CPU.Build.0 = Release|Any CPU
		{8D65DFF8-F97C-48F4-A71C-3580FF3B1CC1}.AppStore|ARM.ActiveCfg = Release|Any CPU
		{8D65DFF8-F97C-48F4-A71C-3580FF3B1CC1}.AppStore|ARM.Build.0 = Release|Any CPU
		{8D65DFF8-F97C-48F4-A71C-3580FF3B1CC1}.AppStore|iPhone.ActiveCfg = Release|Any CPU
		{8D65DFF8-F97C-48F4-A71C-3580FF3B1CC1}.AppStore|iPhone.Build.0 = Release|Any CPU
		{8D65DFF8-F97C-48F4-A71C-3580FF3B1CC1}.AppStore|iPhoneSimulator.ActiveCfg = Release|Any CPU
		{8D65DFF8-F97C-48F4-A71C-3580FF3B1CC1}.AppStore|iPhoneSimulator.Build.0 = Release|Any CPU
		{8D65DFF8-F97C-48F4-A71C-3580FF3B1CC1}.AppStore|x64.ActiveCfg = Release|Any CPU
		{8D65DFF8-F97C-48F4-A71C-3580FF3B1CC1}.AppStore|x64.Build.0 = Release|Any CPU
		{8D65DFF8-F97C-48F4-A71C-3580FF3B1CC1}.AppStore|x86.ActiveCfg = Release|Any CPU
		{8D65DFF8-F97C-48F4-A71C-3580FF3B1CC1}.AppStore|x86.Build.0 = Release|Any CPU
		{8D65DFF8-F97C-48F4-A71C-3580FF3B1CC1}.Debug|Any CPU.ActiveCfg = Debug|Any CPU
		{8D65DFF8-F97C-48F4-A71C-3580FF3B1CC1}.Debug|Any CPU.Build.0 = Debug|Any CPU
		{8D65DFF8-F97C-48F4-A71C-3580FF3B1CC1}.Debug|ARM.ActiveCfg = Debug|Any CPU
		{8D65DFF8-F97C-48F4-A71C-3580FF3B1CC1}.Debug|ARM.Build.0 = Debug|Any CPU
		{8D65DFF8-F97C-48F4-A71C-3580FF3B1CC1}.Debug|iPhone.ActiveCfg = Debug|Any CPU
		{8D65DFF8-F97C-48F4-A71C-3580FF3B1CC1}.Debug|iPhone.Build.0 = Debug|Any CPU
		{8D65DFF8-F97C-48F4-A71C-3580FF3B1CC1}.Debug|iPhoneSimulator.ActiveCfg = Debug|Any CPU
		{8D65DFF8-F97C-48F4-A71C-3580FF3B1CC1}.Debug|iPhoneSimulator.Build.0 = Debug|Any CPU
		{8D65DFF8-F97C-48F4-A71C-3580FF3B1CC1}.Debug|x64.ActiveCfg = Debug|Any CPU
		{8D65DFF8-F97C-48F4-A71C-3580FF3B1CC1}.Debug|x64.Build.0 = Debug|Any CPU
		{8D65DFF8-F97C-48F4-A71C-3580FF3B1CC1}.Debug|x86.ActiveCfg = Debug|Any CPU
		{8D65DFF8-F97C-48F4-A71C-3580FF3B1CC1}.Debug|x86.Build.0 = Debug|Any CPU
		{8D65DFF8-F97C-48F4-A71C-3580FF3B1CC1}.Release|Any CPU.ActiveCfg = Release|Any CPU
		{8D65DFF8-F97C-48F4-A71C-3580FF3B1CC1}.Release|Any CPU.Build.0 = Release|Any CPU
		{8D65DFF8-F97C-48F4-A71C-3580FF3B1CC1}.Release|ARM.ActiveCfg = Release|Any CPU
		{8D65DFF8-F97C-48F4-A71C-3580FF3B1CC1}.Release|ARM.Build.0 = Release|Any CPU
		{8D65DFF8-F97C-48F4-A71C-3580FF3B1CC1}.Release|iPhone.ActiveCfg = Release|Any CPU
		{8D65DFF8-F97C-48F4-A71C-3580FF3B1CC1}.Release|iPhone.Build.0 = Release|Any CPU
		{8D65DFF8-F97C-48F4-A71C-3580FF3B1CC1}.Release|iPhoneSimulator.ActiveCfg = Release|Any CPU
		{8D65DFF8-F97C-48F4-A71C-3580FF3B1CC1}.Release|iPhoneSimulator.Build.0 = Release|Any CPU
		{8D65DFF8-F97C-48F4-A71C-3580FF3B1CC1}.Release|x64.ActiveCfg = Release|Any CPU
		{8D65DFF8-F97C-48F4-A71C-3580FF3B1CC1}.Release|x64.Build.0 = Release|Any CPU
		{8D65DFF8-F97C-48F4-A71C-3580FF3B1CC1}.Release|x86.ActiveCfg = Release|Any CPU
		{8D65DFF8-F97C-48F4-A71C-3580FF3B1CC1}.Release|x86.Build.0 = Release|Any CPU
		{4208E2F7-6169-4506-BEE4-2DD2E8E29A27}.Ad-Hoc|Any CPU.ActiveCfg = Release|Any CPU
		{4208E2F7-6169-4506-BEE4-2DD2E8E29A27}.Ad-Hoc|Any CPU.Build.0 = Release|Any CPU
		{4208E2F7-6169-4506-BEE4-2DD2E8E29A27}.Ad-Hoc|Any CPU.Deploy.0 = Release|Any CPU
		{4208E2F7-6169-4506-BEE4-2DD2E8E29A27}.Ad-Hoc|ARM.ActiveCfg = Release|Any CPU
		{4208E2F7-6169-4506-BEE4-2DD2E8E29A27}.Ad-Hoc|ARM.Build.0 = Release|Any CPU
		{4208E2F7-6169-4506-BEE4-2DD2E8E29A27}.Ad-Hoc|ARM.Deploy.0 = Release|Any CPU
		{4208E2F7-6169-4506-BEE4-2DD2E8E29A27}.Ad-Hoc|iPhone.ActiveCfg = Release|Any CPU
		{4208E2F7-6169-4506-BEE4-2DD2E8E29A27}.Ad-Hoc|iPhone.Build.0 = Release|Any CPU
		{4208E2F7-6169-4506-BEE4-2DD2E8E29A27}.Ad-Hoc|iPhone.Deploy.0 = Release|Any CPU
		{4208E2F7-6169-4506-BEE4-2DD2E8E29A27}.Ad-Hoc|iPhoneSimulator.ActiveCfg = Release|Any CPU
		{4208E2F7-6169-4506-BEE4-2DD2E8E29A27}.Ad-Hoc|iPhoneSimulator.Build.0 = Release|Any CPU
		{4208E2F7-6169-4506-BEE4-2DD2E8E29A27}.Ad-Hoc|iPhoneSimulator.Deploy.0 = Release|Any CPU
		{4208E2F7-6169-4506-BEE4-2DD2E8E29A27}.Ad-Hoc|x64.ActiveCfg = Release|Any CPU
		{4208E2F7-6169-4506-BEE4-2DD2E8E29A27}.Ad-Hoc|x64.Build.0 = Release|Any CPU
		{4208E2F7-6169-4506-BEE4-2DD2E8E29A27}.Ad-Hoc|x64.Deploy.0 = Release|Any CPU
		{4208E2F7-6169-4506-BEE4-2DD2E8E29A27}.Ad-Hoc|x86.ActiveCfg = Release|Any CPU
		{4208E2F7-6169-4506-BEE4-2DD2E8E29A27}.Ad-Hoc|x86.Build.0 = Release|Any CPU
		{4208E2F7-6169-4506-BEE4-2DD2E8E29A27}.Ad-Hoc|x86.Deploy.0 = Release|Any CPU
		{4208E2F7-6169-4506-BEE4-2DD2E8E29A27}.AppStore|Any CPU.ActiveCfg = Release|Any CPU
		{4208E2F7-6169-4506-BEE4-2DD2E8E29A27}.AppStore|Any CPU.Build.0 = Release|Any CPU
		{4208E2F7-6169-4506-BEE4-2DD2E8E29A27}.AppStore|Any CPU.Deploy.0 = Release|Any CPU
		{4208E2F7-6169-4506-BEE4-2DD2E8E29A27}.AppStore|ARM.ActiveCfg = Release|Any CPU
		{4208E2F7-6169-4506-BEE4-2DD2E8E29A27}.AppStore|ARM.Build.0 = Release|Any CPU
		{4208E2F7-6169-4506-BEE4-2DD2E8E29A27}.AppStore|ARM.Deploy.0 = Release|Any CPU
		{4208E2F7-6169-4506-BEE4-2DD2E8E29A27}.AppStore|iPhone.ActiveCfg = Release|Any CPU
		{4208E2F7-6169-4506-BEE4-2DD2E8E29A27}.AppStore|iPhone.Build.0 = Release|Any CPU
		{4208E2F7-6169-4506-BEE4-2DD2E8E29A27}.AppStore|iPhone.Deploy.0 = Release|Any CPU
		{4208E2F7-6169-4506-BEE4-2DD2E8E29A27}.AppStore|iPhoneSimulator.ActiveCfg = Release|Any CPU
		{4208E2F7-6169-4506-BEE4-2DD2E8E29A27}.AppStore|iPhoneSimulator.Build.0 = Release|Any CPU
		{4208E2F7-6169-4506-BEE4-2DD2E8E29A27}.AppStore|iPhoneSimulator.Deploy.0 = Release|Any CPU
		{4208E2F7-6169-4506-BEE4-2DD2E8E29A27}.AppStore|x64.ActiveCfg = Release|Any CPU
		{4208E2F7-6169-4506-BEE4-2DD2E8E29A27}.AppStore|x64.Build.0 = Release|Any CPU
		{4208E2F7-6169-4506-BEE4-2DD2E8E29A27}.AppStore|x64.Deploy.0 = Release|Any CPU
		{4208E2F7-6169-4506-BEE4-2DD2E8E29A27}.AppStore|x86.ActiveCfg = Release|Any CPU
		{4208E2F7-6169-4506-BEE4-2DD2E8E29A27}.AppStore|x86.Build.0 = Release|Any CPU
		{4208E2F7-6169-4506-BEE4-2DD2E8E29A27}.AppStore|x86.Deploy.0 = Release|Any CPU
		{4208E2F7-6169-4506-BEE4-2DD2E8E29A27}.Debug|Any CPU.ActiveCfg = Debug|Any CPU
		{4208E2F7-6169-4506-BEE4-2DD2E8E29A27}.Debug|Any CPU.Build.0 = Debug|Any CPU
		{4208E2F7-6169-4506-BEE4-2DD2E8E29A27}.Debug|Any CPU.Deploy.0 = Debug|Any CPU
		{4208E2F7-6169-4506-BEE4-2DD2E8E29A27}.Debug|ARM.ActiveCfg = Debug|Any CPU
		{4208E2F7-6169-4506-BEE4-2DD2E8E29A27}.Debug|ARM.Build.0 = Debug|Any CPU
		{4208E2F7-6169-4506-BEE4-2DD2E8E29A27}.Debug|ARM.Deploy.0 = Debug|Any CPU
		{4208E2F7-6169-4506-BEE4-2DD2E8E29A27}.Debug|iPhone.ActiveCfg = Debug|Any CPU
		{4208E2F7-6169-4506-BEE4-2DD2E8E29A27}.Debug|iPhone.Build.0 = Debug|Any CPU
		{4208E2F7-6169-4506-BEE4-2DD2E8E29A27}.Debug|iPhone.Deploy.0 = Debug|Any CPU
		{4208E2F7-6169-4506-BEE4-2DD2E8E29A27}.Debug|iPhoneSimulator.ActiveCfg = Debug|Any CPU
		{4208E2F7-6169-4506-BEE4-2DD2E8E29A27}.Debug|iPhoneSimulator.Build.0 = Debug|Any CPU
		{4208E2F7-6169-4506-BEE4-2DD2E8E29A27}.Debug|iPhoneSimulator.Deploy.0 = Debug|Any CPU
		{4208E2F7-6169-4506-BEE4-2DD2E8E29A27}.Debug|x64.ActiveCfg = Debug|Any CPU
		{4208E2F7-6169-4506-BEE4-2DD2E8E29A27}.Debug|x64.Build.0 = Debug|Any CPU
		{4208E2F7-6169-4506-BEE4-2DD2E8E29A27}.Debug|x64.Deploy.0 = Debug|Any CPU
		{4208E2F7-6169-4506-BEE4-2DD2E8E29A27}.Debug|x86.ActiveCfg = Debug|Any CPU
		{4208E2F7-6169-4506-BEE4-2DD2E8E29A27}.Debug|x86.Build.0 = Debug|Any CPU
		{4208E2F7-6169-4506-BEE4-2DD2E8E29A27}.Debug|x86.Deploy.0 = Debug|Any CPU
		{4208E2F7-6169-4506-BEE4-2DD2E8E29A27}.Release|Any CPU.ActiveCfg = Release|Any CPU
		{4208E2F7-6169-4506-BEE4-2DD2E8E29A27}.Release|Any CPU.Build.0 = Release|Any CPU
		{4208E2F7-6169-4506-BEE4-2DD2E8E29A27}.Release|Any CPU.Deploy.0 = Release|Any CPU
		{4208E2F7-6169-4506-BEE4-2DD2E8E29A27}.Release|ARM.ActiveCfg = Release|Any CPU
		{4208E2F7-6169-4506-BEE4-2DD2E8E29A27}.Release|ARM.Build.0 = Release|Any CPU
		{4208E2F7-6169-4506-BEE4-2DD2E8E29A27}.Release|ARM.Deploy.0 = Release|Any CPU
		{4208E2F7-6169-4506-BEE4-2DD2E8E29A27}.Release|iPhone.ActiveCfg = Release|Any CPU
		{4208E2F7-6169-4506-BEE4-2DD2E8E29A27}.Release|iPhone.Build.0 = Release|Any CPU
		{4208E2F7-6169-4506-BEE4-2DD2E8E29A27}.Release|iPhone.Deploy.0 = Release|Any CPU
		{4208E2F7-6169-4506-BEE4-2DD2E8E29A27}.Release|iPhoneSimulator.ActiveCfg = Release|Any CPU
		{4208E2F7-6169-4506-BEE4-2DD2E8E29A27}.Release|iPhoneSimulator.Build.0 = Release|Any CPU
		{4208E2F7-6169-4506-BEE4-2DD2E8E29A27}.Release|iPhoneSimulator.Deploy.0 = Release|Any CPU
		{4208E2F7-6169-4506-BEE4-2DD2E8E29A27}.Release|x64.ActiveCfg = Release|Any CPU
		{4208E2F7-6169-4506-BEE4-2DD2E8E29A27}.Release|x64.Build.0 = Release|Any CPU
		{4208E2F7-6169-4506-BEE4-2DD2E8E29A27}.Release|x64.Deploy.0 = Release|Any CPU
		{4208E2F7-6169-4506-BEE4-2DD2E8E29A27}.Release|x86.ActiveCfg = Release|Any CPU
		{4208E2F7-6169-4506-BEE4-2DD2E8E29A27}.Release|x86.Build.0 = Release|Any CPU
		{4208E2F7-6169-4506-BEE4-2DD2E8E29A27}.Release|x86.Deploy.0 = Release|Any CPU
		{581EDE21-E76D-4874-9D50-D1E224377587}.Ad-Hoc|Any CPU.ActiveCfg = Ad-Hoc|iPhone
		{581EDE21-E76D-4874-9D50-D1E224377587}.Ad-Hoc|ARM.ActiveCfg = Ad-Hoc|iPhone
		{581EDE21-E76D-4874-9D50-D1E224377587}.Ad-Hoc|iPhone.ActiveCfg = Ad-Hoc|iPhone
		{581EDE21-E76D-4874-9D50-D1E224377587}.Ad-Hoc|iPhone.Build.0 = Ad-Hoc|iPhone
		{581EDE21-E76D-4874-9D50-D1E224377587}.Ad-Hoc|iPhoneSimulator.ActiveCfg = Ad-Hoc|iPhoneSimulator
		{581EDE21-E76D-4874-9D50-D1E224377587}.Ad-Hoc|iPhoneSimulator.Build.0 = Ad-Hoc|iPhoneSimulator
		{581EDE21-E76D-4874-9D50-D1E224377587}.Ad-Hoc|x64.ActiveCfg = Ad-Hoc|iPhone
		{581EDE21-E76D-4874-9D50-D1E224377587}.Ad-Hoc|x86.ActiveCfg = Ad-Hoc|iPhone
		{581EDE21-E76D-4874-9D50-D1E224377587}.AppStore|Any CPU.ActiveCfg = AppStore|iPhone
		{581EDE21-E76D-4874-9D50-D1E224377587}.AppStore|ARM.ActiveCfg = AppStore|iPhone
		{581EDE21-E76D-4874-9D50-D1E224377587}.AppStore|iPhone.ActiveCfg = AppStore|iPhone
		{581EDE21-E76D-4874-9D50-D1E224377587}.AppStore|iPhone.Build.0 = AppStore|iPhone
		{581EDE21-E76D-4874-9D50-D1E224377587}.AppStore|iPhoneSimulator.ActiveCfg = AppStore|iPhoneSimulator
		{581EDE21-E76D-4874-9D50-D1E224377587}.AppStore|iPhoneSimulator.Build.0 = AppStore|iPhoneSimulator
		{581EDE21-E76D-4874-9D50-D1E224377587}.AppStore|x64.ActiveCfg = AppStore|iPhone
		{581EDE21-E76D-4874-9D50-D1E224377587}.AppStore|x86.ActiveCfg = AppStore|iPhone
		{581EDE21-E76D-4874-9D50-D1E224377587}.Debug|Any CPU.ActiveCfg = Debug|iPhone
		{581EDE21-E76D-4874-9D50-D1E224377587}.Debug|ARM.ActiveCfg = Debug|iPhone
		{581EDE21-E76D-4874-9D50-D1E224377587}.Debug|iPhone.ActiveCfg = Debug|iPhone
		{581EDE21-E76D-4874-9D50-D1E224377587}.Debug|iPhone.Build.0 = Debug|iPhone
		{581EDE21-E76D-4874-9D50-D1E224377587}.Debug|iPhoneSimulator.ActiveCfg = Debug|iPhoneSimulator
		{581EDE21-E76D-4874-9D50-D1E224377587}.Debug|iPhoneSimulator.Build.0 = Debug|iPhoneSimulator
		{581EDE21-E76D-4874-9D50-D1E224377587}.Debug|x64.ActiveCfg = Debug|iPhone
		{581EDE21-E76D-4874-9D50-D1E224377587}.Debug|x86.ActiveCfg = Debug|iPhone
		{581EDE21-E76D-4874-9D50-D1E224377587}.Release|Any CPU.ActiveCfg = Release|iPhone
		{581EDE21-E76D-4874-9D50-D1E224377587}.Release|ARM.ActiveCfg = Release|iPhone
		{581EDE21-E76D-4874-9D50-D1E224377587}.Release|iPhone.ActiveCfg = Release|iPhone
		{581EDE21-E76D-4874-9D50-D1E224377587}.Release|iPhone.Build.0 = Release|iPhone
		{581EDE21-E76D-4874-9D50-D1E224377587}.Release|iPhoneSimulator.ActiveCfg = Release|iPhoneSimulator
		{581EDE21-E76D-4874-9D50-D1E224377587}.Release|iPhoneSimulator.Build.0 = Release|iPhoneSimulator
		{581EDE21-E76D-4874-9D50-D1E224377587}.Release|x64.ActiveCfg = Release|iPhone
		{581EDE21-E76D-4874-9D50-D1E224377587}.Release|x86.ActiveCfg = Release|iPhone
		{CD4573C8-FE1F-45E5-A071-C80C4893077A}.Ad-Hoc|Any CPU.ActiveCfg = Release|Any CPU
		{CD4573C8-FE1F-45E5-A071-C80C4893077A}.Ad-Hoc|Any CPU.Build.0 = Release|Any CPU
		{CD4573C8-FE1F-45E5-A071-C80C4893077A}.Ad-Hoc|Any CPU.Deploy.0 = Release|Any CPU
		{CD4573C8-FE1F-45E5-A071-C80C4893077A}.Ad-Hoc|ARM.ActiveCfg = Release|ARM
		{CD4573C8-FE1F-45E5-A071-C80C4893077A}.Ad-Hoc|ARM.Build.0 = Release|ARM
		{CD4573C8-FE1F-45E5-A071-C80C4893077A}.Ad-Hoc|ARM.Deploy.0 = Release|ARM
		{CD4573C8-FE1F-45E5-A071-C80C4893077A}.Ad-Hoc|iPhone.ActiveCfg = Release|Any CPU
		{CD4573C8-FE1F-45E5-A071-C80C4893077A}.Ad-Hoc|iPhone.Build.0 = Release|Any CPU
		{CD4573C8-FE1F-45E5-A071-C80C4893077A}.Ad-Hoc|iPhone.Deploy.0 = Release|Any CPU
		{CD4573C8-FE1F-45E5-A071-C80C4893077A}.Ad-Hoc|iPhoneSimulator.ActiveCfg = Release|Any CPU
		{CD4573C8-FE1F-45E5-A071-C80C4893077A}.Ad-Hoc|iPhoneSimulator.Build.0 = Release|Any CPU
		{CD4573C8-FE1F-45E5-A071-C80C4893077A}.Ad-Hoc|iPhoneSimulator.Deploy.0 = Release|Any CPU
		{CD4573C8-FE1F-45E5-A071-C80C4893077A}.Ad-Hoc|x64.ActiveCfg = Release|Any CPU
		{CD4573C8-FE1F-45E5-A071-C80C4893077A}.Ad-Hoc|x64.Build.0 = Release|Any CPU
		{CD4573C8-FE1F-45E5-A071-C80C4893077A}.Ad-Hoc|x64.Deploy.0 = Release|Any CPU
		{CD4573C8-FE1F-45E5-A071-C80C4893077A}.Ad-Hoc|x86.ActiveCfg = Release|x86
		{CD4573C8-FE1F-45E5-A071-C80C4893077A}.Ad-Hoc|x86.Build.0 = Release|x86
		{CD4573C8-FE1F-45E5-A071-C80C4893077A}.Ad-Hoc|x86.Deploy.0 = Release|x86
		{CD4573C8-FE1F-45E5-A071-C80C4893077A}.AppStore|Any CPU.ActiveCfg = Release|Any CPU
		{CD4573C8-FE1F-45E5-A071-C80C4893077A}.AppStore|Any CPU.Build.0 = Release|Any CPU
		{CD4573C8-FE1F-45E5-A071-C80C4893077A}.AppStore|Any CPU.Deploy.0 = Release|Any CPU
		{CD4573C8-FE1F-45E5-A071-C80C4893077A}.AppStore|ARM.ActiveCfg = Release|ARM
		{CD4573C8-FE1F-45E5-A071-C80C4893077A}.AppStore|ARM.Build.0 = Release|ARM
		{CD4573C8-FE1F-45E5-A071-C80C4893077A}.AppStore|ARM.Deploy.0 = Release|ARM
		{CD4573C8-FE1F-45E5-A071-C80C4893077A}.AppStore|iPhone.ActiveCfg = Release|Any CPU
		{CD4573C8-FE1F-45E5-A071-C80C4893077A}.AppStore|iPhone.Build.0 = Release|Any CPU
		{CD4573C8-FE1F-45E5-A071-C80C4893077A}.AppStore|iPhone.Deploy.0 = Release|Any CPU
		{CD4573C8-FE1F-45E5-A071-C80C4893077A}.AppStore|iPhoneSimulator.ActiveCfg = Release|Any CPU
		{CD4573C8-FE1F-45E5-A071-C80C4893077A}.AppStore|iPhoneSimulator.Build.0 = Release|Any CPU
		{CD4573C8-FE1F-45E5-A071-C80C4893077A}.AppStore|iPhoneSimulator.Deploy.0 = Release|Any CPU
		{CD4573C8-FE1F-45E5-A071-C80C4893077A}.AppStore|x64.ActiveCfg = Release|Any CPU
		{CD4573C8-FE1F-45E5-A071-C80C4893077A}.AppStore|x64.Build.0 = Release|Any CPU
		{CD4573C8-FE1F-45E5-A071-C80C4893077A}.AppStore|x64.Deploy.0 = Release|Any CPU
		{CD4573C8-FE1F-45E5-A071-C80C4893077A}.AppStore|x86.ActiveCfg = Release|x86
		{CD4573C8-FE1F-45E5-A071-C80C4893077A}.AppStore|x86.Build.0 = Release|x86
		{CD4573C8-FE1F-45E5-A071-C80C4893077A}.AppStore|x86.Deploy.0 = Release|x86
		{CD4573C8-FE1F-45E5-A071-C80C4893077A}.Debug|Any CPU.ActiveCfg = Debug|Any CPU
		{CD4573C8-FE1F-45E5-A071-C80C4893077A}.Debug|Any CPU.Build.0 = Debug|Any CPU
		{CD4573C8-FE1F-45E5-A071-C80C4893077A}.Debug|Any CPU.Deploy.0 = Debug|Any CPU
		{CD4573C8-FE1F-45E5-A071-C80C4893077A}.Debug|ARM.ActiveCfg = Debug|ARM
		{CD4573C8-FE1F-45E5-A071-C80C4893077A}.Debug|ARM.Build.0 = Debug|ARM
		{CD4573C8-FE1F-45E5-A071-C80C4893077A}.Debug|ARM.Deploy.0 = Debug|ARM
		{CD4573C8-FE1F-45E5-A071-C80C4893077A}.Debug|iPhone.ActiveCfg = Debug|Any CPU
		{CD4573C8-FE1F-45E5-A071-C80C4893077A}.Debug|iPhone.Build.0 = Debug|Any CPU
		{CD4573C8-FE1F-45E5-A071-C80C4893077A}.Debug|iPhone.Deploy.0 = Debug|Any CPU
		{CD4573C8-FE1F-45E5-A071-C80C4893077A}.Debug|iPhoneSimulator.ActiveCfg = Debug|Any CPU
		{CD4573C8-FE1F-45E5-A071-C80C4893077A}.Debug|iPhoneSimulator.Build.0 = Debug|Any CPU
		{CD4573C8-FE1F-45E5-A071-C80C4893077A}.Debug|iPhoneSimulator.Deploy.0 = Debug|Any CPU
		{CD4573C8-FE1F-45E5-A071-C80C4893077A}.Debug|x64.ActiveCfg = Debug|Any CPU
		{CD4573C8-FE1F-45E5-A071-C80C4893077A}.Debug|x64.Build.0 = Debug|Any CPU
		{CD4573C8-FE1F-45E5-A071-C80C4893077A}.Debug|x64.Deploy.0 = Debug|Any CPU
		{CD4573C8-FE1F-45E5-A071-C80C4893077A}.Debug|x86.ActiveCfg = Debug|x86
		{CD4573C8-FE1F-45E5-A071-C80C4893077A}.Debug|x86.Build.0 = Debug|x86
		{CD4573C8-FE1F-45E5-A071-C80C4893077A}.Debug|x86.Deploy.0 = Debug|x86
		{CD4573C8-FE1F-45E5-A071-C80C4893077A}.Release|Any CPU.ActiveCfg = Release|Any CPU
		{CD4573C8-FE1F-45E5-A071-C80C4893077A}.Release|Any CPU.Build.0 = Release|Any CPU
		{CD4573C8-FE1F-45E5-A071-C80C4893077A}.Release|Any CPU.Deploy.0 = Release|Any CPU
		{CD4573C8-FE1F-45E5-A071-C80C4893077A}.Release|ARM.ActiveCfg = Release|ARM
		{CD4573C8-FE1F-45E5-A071-C80C4893077A}.Release|ARM.Build.0 = Release|ARM
		{CD4573C8-FE1F-45E5-A071-C80C4893077A}.Release|ARM.Deploy.0 = Release|ARM
		{CD4573C8-FE1F-45E5-A071-C80C4893077A}.Release|iPhone.ActiveCfg = Release|Any CPU
		{CD4573C8-FE1F-45E5-A071-C80C4893077A}.Release|iPhone.Build.0 = Release|Any CPU
		{CD4573C8-FE1F-45E5-A071-C80C4893077A}.Release|iPhone.Deploy.0 = Release|Any CPU
		{CD4573C8-FE1F-45E5-A071-C80C4893077A}.Release|iPhoneSimulator.ActiveCfg = Release|Any CPU
		{CD4573C8-FE1F-45E5-A071-C80C4893077A}.Release|iPhoneSimulator.Build.0 = Release|Any CPU
		{CD4573C8-FE1F-45E5-A071-C80C4893077A}.Release|iPhoneSimulator.Deploy.0 = Release|Any CPU
		{CD4573C8-FE1F-45E5-A071-C80C4893077A}.Release|x64.ActiveCfg = Release|Any CPU
		{CD4573C8-FE1F-45E5-A071-C80C4893077A}.Release|x64.Build.0 = Release|Any CPU
		{CD4573C8-FE1F-45E5-A071-C80C4893077A}.Release|x64.Deploy.0 = Release|Any CPU
		{CD4573C8-FE1F-45E5-A071-C80C4893077A}.Release|x86.ActiveCfg = Release|x86
		{CD4573C8-FE1F-45E5-A071-C80C4893077A}.Release|x86.Build.0 = Release|x86
		{CD4573C8-FE1F-45E5-A071-C80C4893077A}.Release|x86.Deploy.0 = Release|x86
		{D6630E60-28E6-413D-AEBD-4411F9DFDECC}.Ad-Hoc|Any CPU.ActiveCfg = Release|x86
		{D6630E60-28E6-413D-AEBD-4411F9DFDECC}.Ad-Hoc|Any CPU.Build.0 = Release|x86
		{D6630E60-28E6-413D-AEBD-4411F9DFDECC}.Ad-Hoc|Any CPU.Deploy.0 = Release|x86
		{D6630E60-28E6-413D-AEBD-4411F9DFDECC}.Ad-Hoc|ARM.ActiveCfg = Release|ARM
		{D6630E60-28E6-413D-AEBD-4411F9DFDECC}.Ad-Hoc|ARM.Build.0 = Release|ARM
		{D6630E60-28E6-413D-AEBD-4411F9DFDECC}.Ad-Hoc|ARM.Deploy.0 = Release|ARM
		{D6630E60-28E6-413D-AEBD-4411F9DFDECC}.Ad-Hoc|iPhone.ActiveCfg = Release|x86
		{D6630E60-28E6-413D-AEBD-4411F9DFDECC}.Ad-Hoc|iPhone.Build.0 = Release|x86
		{D6630E60-28E6-413D-AEBD-4411F9DFDECC}.Ad-Hoc|iPhone.Deploy.0 = Release|x86
		{D6630E60-28E6-413D-AEBD-4411F9DFDECC}.Ad-Hoc|iPhoneSimulator.ActiveCfg = Release|x86
		{D6630E60-28E6-413D-AEBD-4411F9DFDECC}.Ad-Hoc|iPhoneSimulator.Build.0 = Release|x86
		{D6630E60-28E6-413D-AEBD-4411F9DFDECC}.Ad-Hoc|iPhoneSimulator.Deploy.0 = Release|x86
		{D6630E60-28E6-413D-AEBD-4411F9DFDECC}.Ad-Hoc|x64.ActiveCfg = Release|x64
		{D6630E60-28E6-413D-AEBD-4411F9DFDECC}.Ad-Hoc|x64.Build.0 = Release|x64
		{D6630E60-28E6-413D-AEBD-4411F9DFDECC}.Ad-Hoc|x64.Deploy.0 = Release|x64
		{D6630E60-28E6-413D-AEBD-4411F9DFDECC}.Ad-Hoc|x86.ActiveCfg = Release|x86
		{D6630E60-28E6-413D-AEBD-4411F9DFDECC}.Ad-Hoc|x86.Build.0 = Release|x86
		{D6630E60-28E6-413D-AEBD-4411F9DFDECC}.Ad-Hoc|x86.Deploy.0 = Release|x86
		{D6630E60-28E6-413D-AEBD-4411F9DFDECC}.AppStore|Any CPU.ActiveCfg = Release|x86
		{D6630E60-28E6-413D-AEBD-4411F9DFDECC}.AppStore|Any CPU.Build.0 = Release|x86
		{D6630E60-28E6-413D-AEBD-4411F9DFDECC}.AppStore|Any CPU.Deploy.0 = Release|x86
		{D6630E60-28E6-413D-AEBD-4411F9DFDECC}.AppStore|ARM.ActiveCfg = Release|ARM
		{D6630E60-28E6-413D-AEBD-4411F9DFDECC}.AppStore|ARM.Build.0 = Release|ARM
		{D6630E60-28E6-413D-AEBD-4411F9DFDECC}.AppStore|ARM.Deploy.0 = Release|ARM
		{D6630E60-28E6-413D-AEBD-4411F9DFDECC}.AppStore|iPhone.ActiveCfg = Release|x86
		{D6630E60-28E6-413D-AEBD-4411F9DFDECC}.AppStore|iPhone.Build.0 = Release|x86
		{D6630E60-28E6-413D-AEBD-4411F9DFDECC}.AppStore|iPhone.Deploy.0 = Release|x86
		{D6630E60-28E6-413D-AEBD-4411F9DFDECC}.AppStore|iPhoneSimulator.ActiveCfg = Release|x86
		{D6630E60-28E6-413D-AEBD-4411F9DFDECC}.AppStore|iPhoneSimulator.Build.0 = Release|x86
		{D6630E60-28E6-413D-AEBD-4411F9DFDECC}.AppStore|iPhoneSimulator.Deploy.0 = Release|x86
		{D6630E60-28E6-413D-AEBD-4411F9DFDECC}.AppStore|x64.ActiveCfg = Release|x64
		{D6630E60-28E6-413D-AEBD-4411F9DFDECC}.AppStore|x64.Build.0 = Release|x64
		{D6630E60-28E6-413D-AEBD-4411F9DFDECC}.AppStore|x64.Deploy.0 = Release|x64
		{D6630E60-28E6-413D-AEBD-4411F9DFDECC}.AppStore|x86.ActiveCfg = Release|x86
		{D6630E60-28E6-413D-AEBD-4411F9DFDECC}.AppStore|x86.Build.0 = Release|x86
		{D6630E60-28E6-413D-AEBD-4411F9DFDECC}.AppStore|x86.Deploy.0 = Release|x86
		{D6630E60-28E6-413D-AEBD-4411F9DFDECC}.Debug|Any CPU.ActiveCfg = Debug|x86
		{D6630E60-28E6-413D-AEBD-4411F9DFDECC}.Debug|ARM.ActiveCfg = Debug|ARM
		{D6630E60-28E6-413D-AEBD-4411F9DFDECC}.Debug|ARM.Build.0 = Debug|ARM
		{D6630E60-28E6-413D-AEBD-4411F9DFDECC}.Debug|ARM.Deploy.0 = Debug|ARM
		{D6630E60-28E6-413D-AEBD-4411F9DFDECC}.Debug|iPhone.ActiveCfg = Debug|x86
		{D6630E60-28E6-413D-AEBD-4411F9DFDECC}.Debug|iPhoneSimulator.ActiveCfg = Debug|x86
		{D6630E60-28E6-413D-AEBD-4411F9DFDECC}.Debug|x64.ActiveCfg = Debug|x64
		{D6630E60-28E6-413D-AEBD-4411F9DFDECC}.Debug|x64.Build.0 = Debug|x64
		{D6630E60-28E6-413D-AEBD-4411F9DFDECC}.Debug|x64.Deploy.0 = Debug|x64
		{D6630E60-28E6-413D-AEBD-4411F9DFDECC}.Debug|x86.ActiveCfg = Debug|x86
		{D6630E60-28E6-413D-AEBD-4411F9DFDECC}.Debug|x86.Build.0 = Debug|x86
		{D6630E60-28E6-413D-AEBD-4411F9DFDECC}.Debug|x86.Deploy.0 = Debug|x86
		{D6630E60-28E6-413D-AEBD-4411F9DFDECC}.Release|Any CPU.ActiveCfg = Release|x86
		{D6630E60-28E6-413D-AEBD-4411F9DFDECC}.Release|ARM.ActiveCfg = Release|ARM
		{D6630E60-28E6-413D-AEBD-4411F9DFDECC}.Release|ARM.Build.0 = Release|ARM
		{D6630E60-28E6-413D-AEBD-4411F9DFDECC}.Release|ARM.Deploy.0 = Release|ARM
		{D6630E60-28E6-413D-AEBD-4411F9DFDECC}.Release|iPhone.ActiveCfg = Release|x86
		{D6630E60-28E6-413D-AEBD-4411F9DFDECC}.Release|iPhoneSimulator.ActiveCfg = Release|x86
		{D6630E60-28E6-413D-AEBD-4411F9DFDECC}.Release|x64.ActiveCfg = Release|x64
		{D6630E60-28E6-413D-AEBD-4411F9DFDECC}.Release|x64.Build.0 = Release|x64
		{D6630E60-28E6-413D-AEBD-4411F9DFDECC}.Release|x64.Deploy.0 = Release|x64
		{D6630E60-28E6-413D-AEBD-4411F9DFDECC}.Release|x86.ActiveCfg = Release|x86
		{D6630E60-28E6-413D-AEBD-4411F9DFDECC}.Release|x86.Build.0 = Release|x86
		{D6630E60-28E6-413D-AEBD-4411F9DFDECC}.Release|x86.Deploy.0 = Release|x86
		{195DA1AB-5A6A-4F7C-AC4D-5620982B7A94}.Ad-Hoc|Any CPU.ActiveCfg = Release|Any CPU
		{195DA1AB-5A6A-4F7C-AC4D-5620982B7A94}.Ad-Hoc|Any CPU.Build.0 = Release|Any CPU
		{195DA1AB-5A6A-4F7C-AC4D-5620982B7A94}.Ad-Hoc|Any CPU.Deploy.0 = Release|Any CPU
		{195DA1AB-5A6A-4F7C-AC4D-5620982B7A94}.Ad-Hoc|ARM.ActiveCfg = Release|ARM
		{195DA1AB-5A6A-4F7C-AC4D-5620982B7A94}.Ad-Hoc|ARM.Build.0 = Release|ARM
		{195DA1AB-5A6A-4F7C-AC4D-5620982B7A94}.Ad-Hoc|ARM.Deploy.0 = Release|ARM
		{195DA1AB-5A6A-4F7C-AC4D-5620982B7A94}.Ad-Hoc|iPhone.ActiveCfg = Release|Any CPU
		{195DA1AB-5A6A-4F7C-AC4D-5620982B7A94}.Ad-Hoc|iPhone.Build.0 = Release|Any CPU
		{195DA1AB-5A6A-4F7C-AC4D-5620982B7A94}.Ad-Hoc|iPhone.Deploy.0 = Release|Any CPU
		{195DA1AB-5A6A-4F7C-AC4D-5620982B7A94}.Ad-Hoc|iPhoneSimulator.ActiveCfg = Release|Any CPU
		{195DA1AB-5A6A-4F7C-AC4D-5620982B7A94}.Ad-Hoc|iPhoneSimulator.Build.0 = Release|Any CPU
		{195DA1AB-5A6A-4F7C-AC4D-5620982B7A94}.Ad-Hoc|iPhoneSimulator.Deploy.0 = Release|Any CPU
		{195DA1AB-5A6A-4F7C-AC4D-5620982B7A94}.Ad-Hoc|x64.ActiveCfg = Release|x64
		{195DA1AB-5A6A-4F7C-AC4D-5620982B7A94}.Ad-Hoc|x64.Build.0 = Release|x64
		{195DA1AB-5A6A-4F7C-AC4D-5620982B7A94}.Ad-Hoc|x64.Deploy.0 = Release|x64
		{195DA1AB-5A6A-4F7C-AC4D-5620982B7A94}.Ad-Hoc|x86.ActiveCfg = Release|x86
		{195DA1AB-5A6A-4F7C-AC4D-5620982B7A94}.Ad-Hoc|x86.Build.0 = Release|x86
		{195DA1AB-5A6A-4F7C-AC4D-5620982B7A94}.Ad-Hoc|x86.Deploy.0 = Release|x86
		{195DA1AB-5A6A-4F7C-AC4D-5620982B7A94}.AppStore|Any CPU.ActiveCfg = Release|Any CPU
		{195DA1AB-5A6A-4F7C-AC4D-5620982B7A94}.AppStore|Any CPU.Build.0 = Release|Any CPU
		{195DA1AB-5A6A-4F7C-AC4D-5620982B7A94}.AppStore|Any CPU.Deploy.0 = Release|Any CPU
		{195DA1AB-5A6A-4F7C-AC4D-5620982B7A94}.AppStore|ARM.ActiveCfg = Release|ARM
		{195DA1AB-5A6A-4F7C-AC4D-5620982B7A94}.AppStore|ARM.Build.0 = Release|ARM
		{195DA1AB-5A6A-4F7C-AC4D-5620982B7A94}.AppStore|ARM.Deploy.0 = Release|ARM
		{195DA1AB-5A6A-4F7C-AC4D-5620982B7A94}.AppStore|iPhone.ActiveCfg = Release|Any CPU
		{195DA1AB-5A6A-4F7C-AC4D-5620982B7A94}.AppStore|iPhone.Build.0 = Release|Any CPU
		{195DA1AB-5A6A-4F7C-AC4D-5620982B7A94}.AppStore|iPhone.Deploy.0 = Release|Any CPU
		{195DA1AB-5A6A-4F7C-AC4D-5620982B7A94}.AppStore|iPhoneSimulator.ActiveCfg = Release|Any CPU
		{195DA1AB-5A6A-4F7C-AC4D-5620982B7A94}.AppStore|iPhoneSimulator.Build.0 = Release|Any CPU
		{195DA1AB-5A6A-4F7C-AC4D-5620982B7A94}.AppStore|iPhoneSimulator.Deploy.0 = Release|Any CPU
		{195DA1AB-5A6A-4F7C-AC4D-5620982B7A94}.AppStore|x64.ActiveCfg = Release|x64
		{195DA1AB-5A6A-4F7C-AC4D-5620982B7A94}.AppStore|x64.Build.0 = Release|x64
		{195DA1AB-5A6A-4F7C-AC4D-5620982B7A94}.AppStore|x64.Deploy.0 = Release|x64
		{195DA1AB-5A6A-4F7C-AC4D-5620982B7A94}.AppStore|x86.ActiveCfg = Release|x86
		{195DA1AB-5A6A-4F7C-AC4D-5620982B7A94}.AppStore|x86.Build.0 = Release|x86
		{195DA1AB-5A6A-4F7C-AC4D-5620982B7A94}.AppStore|x86.Deploy.0 = Release|x86
		{195DA1AB-5A6A-4F7C-AC4D-5620982B7A94}.Debug|Any CPU.ActiveCfg = Debug|Any CPU
		{195DA1AB-5A6A-4F7C-AC4D-5620982B7A94}.Debug|Any CPU.Build.0 = Debug|Any CPU
		{195DA1AB-5A6A-4F7C-AC4D-5620982B7A94}.Debug|Any CPU.Deploy.0 = Debug|Any CPU
		{195DA1AB-5A6A-4F7C-AC4D-5620982B7A94}.Debug|ARM.ActiveCfg = Debug|ARM
		{195DA1AB-5A6A-4F7C-AC4D-5620982B7A94}.Debug|ARM.Build.0 = Debug|ARM
		{195DA1AB-5A6A-4F7C-AC4D-5620982B7A94}.Debug|ARM.Deploy.0 = Debug|ARM
		{195DA1AB-5A6A-4F7C-AC4D-5620982B7A94}.Debug|iPhone.ActiveCfg = Debug|Any CPU
		{195DA1AB-5A6A-4F7C-AC4D-5620982B7A94}.Debug|iPhone.Build.0 = Debug|Any CPU
		{195DA1AB-5A6A-4F7C-AC4D-5620982B7A94}.Debug|iPhone.Deploy.0 = Debug|Any CPU
		{195DA1AB-5A6A-4F7C-AC4D-5620982B7A94}.Debug|iPhoneSimulator.ActiveCfg = Debug|Any CPU
		{195DA1AB-5A6A-4F7C-AC4D-5620982B7A94}.Debug|iPhoneSimulator.Build.0 = Debug|Any CPU
		{195DA1AB-5A6A-4F7C-AC4D-5620982B7A94}.Debug|iPhoneSimulator.Deploy.0 = Debug|Any CPU
		{195DA1AB-5A6A-4F7C-AC4D-5620982B7A94}.Debug|x64.ActiveCfg = Debug|x64
		{195DA1AB-5A6A-4F7C-AC4D-5620982B7A94}.Debug|x64.Build.0 = Debug|x64
		{195DA1AB-5A6A-4F7C-AC4D-5620982B7A94}.Debug|x64.Deploy.0 = Debug|x64
		{195DA1AB-5A6A-4F7C-AC4D-5620982B7A94}.Debug|x86.ActiveCfg = Debug|x86
		{195DA1AB-5A6A-4F7C-AC4D-5620982B7A94}.Debug|x86.Build.0 = Debug|x86
		{195DA1AB-5A6A-4F7C-AC4D-5620982B7A94}.Debug|x86.Deploy.0 = Debug|x86
		{195DA1AB-5A6A-4F7C-AC4D-5620982B7A94}.Release|Any CPU.ActiveCfg = Release|Any CPU
		{195DA1AB-5A6A-4F7C-AC4D-5620982B7A94}.Release|Any CPU.Build.0 = Release|Any CPU
		{195DA1AB-5A6A-4F7C-AC4D-5620982B7A94}.Release|Any CPU.Deploy.0 = Release|Any CPU
		{195DA1AB-5A6A-4F7C-AC4D-5620982B7A94}.Release|ARM.ActiveCfg = Release|ARM
		{195DA1AB-5A6A-4F7C-AC4D-5620982B7A94}.Release|ARM.Build.0 = Release|ARM
		{195DA1AB-5A6A-4F7C-AC4D-5620982B7A94}.Release|ARM.Deploy.0 = Release|ARM
		{195DA1AB-5A6A-4F7C-AC4D-5620982B7A94}.Release|iPhone.ActiveCfg = Release|Any CPU
		{195DA1AB-5A6A-4F7C-AC4D-5620982B7A94}.Release|iPhone.Build.0 = Release|Any CPU
		{195DA1AB-5A6A-4F7C-AC4D-5620982B7A94}.Release|iPhone.Deploy.0 = Release|Any CPU
		{195DA1AB-5A6A-4F7C-AC4D-5620982B7A94}.Release|iPhoneSimulator.ActiveCfg = Release|Any CPU
		{195DA1AB-5A6A-4F7C-AC4D-5620982B7A94}.Release|iPhoneSimulator.Build.0 = Release|Any CPU
		{195DA1AB-5A6A-4F7C-AC4D-5620982B7A94}.Release|iPhoneSimulator.Deploy.0 = Release|Any CPU
		{195DA1AB-5A6A-4F7C-AC4D-5620982B7A94}.Release|x64.ActiveCfg = Release|x64
		{195DA1AB-5A6A-4F7C-AC4D-5620982B7A94}.Release|x64.Build.0 = Release|x64
		{195DA1AB-5A6A-4F7C-AC4D-5620982B7A94}.Release|x64.Deploy.0 = Release|x64
		{195DA1AB-5A6A-4F7C-AC4D-5620982B7A94}.Release|x86.ActiveCfg = Release|x86
		{195DA1AB-5A6A-4F7C-AC4D-5620982B7A94}.Release|x86.Build.0 = Release|x86
		{195DA1AB-5A6A-4F7C-AC4D-5620982B7A94}.Release|x86.Deploy.0 = Release|x86
	EndGlobalSection
	GlobalSection(SolutionProperties) = preSolution
		HideSolutionNode = FALSE
	EndGlobalSection
EndGlobal
